
Microsoft Visual Studio Solution File, Format Version 12.00
Project("{2150E333-8FDC-42A3-9474-1A3956D46DE8}") = "src", "src", "{025DBB9F-61F0-4602-8DBB-F8B8BB13C495}"
EndProject
Project("{2150E333-8FDC-42A3-9474-1A3956D46DE8}") = "tests", "tests", "{3402B457-63B6-4B8F-98D5-87BB7F79BFE9}"
EndProject
Project("{2150E333-8FDC-42A3-9474-1A3956D46DE8}") = "Presentation", "Presentation", "{9BF0F558-B198-4D42-8710-D56EDB95ED24}"
EndProject
Project("{2150E333-8FDC-42A3-9474-1A3956D46DE8}") = "Infrastructure", "Infrastructure", "{6A6E5793-2525-4594-8E13-9B6A64FF1852}"
EndProject
Project("{2150E333-8FDC-42A3-9474-1A3956D46DE8}") = "Core", "Core", "{7D1C7125-13B1-46B4-B4E8-B4EC11F67F7A}"
EndProject
Project("{2150E333-8FDC-42A3-9474-1A3956D46DE8}") = "OnlineBanking", "OnlineBanking", "{E77400DF-F642-4E7B-870A-537E422766B4}"
EndProject
Project("{FAE04EC0-301F-11D3-BF4B-00C04F79EFBC}") = "OnlineBanking.Application", "OnlineBanking.Application\OnlineBanking.Application.csproj", "{B5213988-F4EC-4EF5-8755-ED6A2AFD0B6C}"
EndProject
Project("{FAE04EC0-301F-11D3-BF4B-00C04F79EFBC}") = "OnlineBanking.Domain", "OnlineBanking.Domain\OnlineBanking.Domain.csproj", "{086DF1EE-2D78-42AB-92AF-DDBE306CF039}"
EndProject
Project("{FAE04EC0-301F-11D3-BF4B-00C04F79EFBC}") = "OnlineBanking.Persistence", "OnlineBanking.Persistence\OnlineBanking.Persistence.csproj", "{98BCD009-995A-4D8D-AFCC-BEC62E6D5A2B}"
EndProject
Project("{FAE04EC0-301F-11D3-BF4B-00C04F79EFBC}") = "OnlineBanking.API", "OnlineBanking.API\OnlineBanking.API.csproj", "{12A62193-9088-4962-A070-CC3E1DEF5C33}"
EndProject
Project("{2150E333-8FDC-42A3-9474-1A3956D46DE8}") = "eTalenteBank.Gateway", "eTalenteBank.Gateway", "{C27FF0C7-D340-425B-93E9-9521D8085AAA}"
EndProject
Project("{2150E333-8FDC-42A3-9474-1A3956D46DE8}") = "Core", "Core", "{2B663EEB-2650-4BA9-8A17-1834D57524B4}"
EndProject
Project("{2150E333-8FDC-42A3-9474-1A3956D46DE8}") = "Infrastructure", "Infrastructure", "{848E1F03-638A-4D42-A5BF-CD76DB83AD9F}"
EndProject
Project("{2150E333-8FDC-42A3-9474-1A3956D46DE8}") = "Presentation", "Presentation", "{99291D72-A238-4105-9F91-40B98865373C}"
EndProject
Project("{FAE04EC0-301F-11D3-BF4B-00C04F79EFBC}") = "Core.Application.test", "Core.Application.test\Core.Application.test.csproj", "{5696650E-103F-4662-8231-47540F66938C}"
EndProject
Project("{2150E333-8FDC-42A3-9474-1A3956D46DE8}") = "Shared", "Shared", "{AA5F67DB-54CB-4D99-B6CE-B229BB5C3F31}"
EndProject
Project("{FAE04EC0-301F-11D3-BF4B-00C04F79EFBC}") = "OnlineBanking.Shared", "OnlineBanking.Shared\OnlineBanking.Shared.csproj", "{791C15FF-190D-4C6B-BF22-7C2458E3060F}"
EndProject
Global
	GlobalSection(SolutionConfigurationPlatforms) = preSolution
		Debug|Any CPU = Debug|Any CPU
		Release|Any CPU = Release|Any CPU
	EndGlobalSection
	GlobalSection(NestedProjects) = preSolution
		{E77400DF-F642-4E7B-870A-537E422766B4} = {025DBB9F-61F0-4602-8DBB-F8B8BB13C495}
		{9BF0F558-B198-4D42-8710-D56EDB95ED24} = {E77400DF-F642-4E7B-870A-537E422766B4}
		{7D1C7125-13B1-46B4-B4E8-B4EC11F67F7A} = {E77400DF-F642-4E7B-870A-537E422766B4}
		{6A6E5793-2525-4594-8E13-9B6A64FF1852} = {E77400DF-F642-4E7B-870A-537E422766B4}
		{B5213988-F4EC-4EF5-8755-ED6A2AFD0B6C} = {7D1C7125-13B1-46B4-B4E8-B4EC11F67F7A}
		{086DF1EE-2D78-42AB-92AF-DDBE306CF039} = {7D1C7125-13B1-46B4-B4E8-B4EC11F67F7A}
		{98BCD009-995A-4D8D-AFCC-BEC62E6D5A2B} = {6A6E5793-2525-4594-8E13-9B6A64FF1852}
		{12A62193-9088-4962-A070-CC3E1DEF5C33} = {9BF0F558-B198-4D42-8710-D56EDB95ED24}
		{C27FF0C7-D340-425B-93E9-9521D8085AAA} = {025DBB9F-61F0-4602-8DBB-F8B8BB13C495}
		{2B663EEB-2650-4BA9-8A17-1834D57524B4} = {3402B457-63B6-4B8F-98D5-87BB7F79BFE9}
		{848E1F03-638A-4D42-A5BF-CD76DB83AD9F} = {3402B457-63B6-4B8F-98D5-87BB7F79BFE9}
		{99291D72-A238-4105-9F91-40B98865373C} = {3402B457-63B6-4B8F-98D5-87BB7F79BFE9}
		{5696650E-103F-4662-8231-47540F66938C} = {2B663EEB-2650-4BA9-8A17-1834D57524B4}
		{AA5F67DB-54CB-4D99-B6CE-B229BB5C3F31} = {E77400DF-F642-4E7B-870A-537E422766B4}
		{791C15FF-190D-4C6B-BF22-7C2458E3060F} = {AA5F67DB-54CB-4D99-B6CE-B229BB5C3F31}
	EndGlobalSection
	GlobalSection(ProjectConfigurationPlatforms) = postSolution
		{B5213988-F4EC-4EF5-8755-ED6A2AFD0B6C}.Debug|Any CPU.ActiveCfg = Debug|Any CPU
		{B5213988-F4EC-4EF5-8755-ED6A2AFD0B6C}.Debug|Any CPU.Build.0 = Debug|Any CPU
		{B5213988-F4EC-4EF5-8755-ED6A2AFD0B6C}.Release|Any CPU.ActiveCfg = Release|Any CPU
		{B5213988-F4EC-4EF5-8755-ED6A2AFD0B6C}.Release|Any CPU.Build.0 = Release|Any CPU
		{086DF1EE-2D78-42AB-92AF-DDBE306CF039}.Debug|Any CPU.ActiveCfg = Debug|Any CPU
		{086DF1EE-2D78-42AB-92AF-DDBE306CF039}.Debug|Any CPU.Build.0 = Debug|Any CPU
		{086DF1EE-2D78-42AB-92AF-DDBE306CF039}.Release|Any CPU.ActiveCfg = Release|Any CPU
		{086DF1EE-2D78-42AB-92AF-DDBE306CF039}.Release|Any CPU.Build.0 = Release|Any CPU
		{98BCD009-995A-4D8D-AFCC-BEC62E6D5A2B}.Debug|Any CPU.ActiveCfg = Debug|Any CPU
		{98BCD009-995A-4D8D-AFCC-BEC62E6D5A2B}.Debug|Any CPU.Build.0 = Debug|Any CPU
		{98BCD009-995A-4D8D-AFCC-BEC62E6D5A2B}.Release|Any CPU.ActiveCfg = Release|Any CPU
		{98BCD009-995A-4D8D-AFCC-BEC62E6D5A2B}.Release|Any CPU.Build.0 = Release|Any CPU
		{12A62193-9088-4962-A070-CC3E1DEF5C33}.Debug|Any CPU.ActiveCfg = Debug|Any CPU
		{12A62193-9088-4962-A070-CC3E1DEF5C33}.Debug|Any CPU.Build.0 = Debug|Any CPU
		{12A62193-9088-4962-A070-CC3E1DEF5C33}.Release|Any CPU.ActiveCfg = Release|Any CPU
		{12A62193-9088-4962-A070-CC3E1DEF5C33}.Release|Any CPU.Build.0 = Release|Any CPU
		{5696650E-103F-4662-8231-47540F66938C}.Debug|Any CPU.ActiveCfg = Debug|Any CPU
		{5696650E-103F-4662-8231-47540F66938C}.Debug|Any CPU.Build.0 = Debug|Any CPU
		{5696650E-103F-4662-8231-47540F66938C}.Release|Any CPU.ActiveCfg = Release|Any CPU
		{5696650E-103F-4662-8231-47540F66938C}.Release|Any CPU.Build.0 = Release|Any CPU
		{791C15FF-190D-4C6B-BF22-7C2458E3060F}.Debug|Any CPU.ActiveCfg = Debug|Any CPU
		{791C15FF-190D-4C6B-BF22-7C2458E3060F}.Debug|Any CPU.Build.0 = Debug|Any CPU
		{791C15FF-190D-4C6B-BF22-7C2458E3060F}.Release|Any CPU.ActiveCfg = Release|Any CPU
		{791C15FF-190D-4C6B-BF22-7C2458E3060F}.Release|Any CPU.Build.0 = Release|Any CPU
	EndGlobalSection
EndGlobal
